
Microsoft Visual Studio Solution File, Format Version 12.00
# Visual Studio 14
VisualStudioVersion = 14.0.25420.1
MinimumVisualStudioVersion = 10.0.40219.1
Project("{2150E333-8FDC-42A3-9474-1A3956D46DE8}") = "src", "src", "{1DAB71E6-0A24-41AD-9474-710C96BF9932}"
EndProject
Project("{2150E333-8FDC-42A3-9474-1A3956D46DE8}") = "Solution Items", "Solution Items", "{046EC65D-F40C-49DF-BD36-2483E3F2801E}"
	ProjectSection(SolutionItems) = preProject
		global.json = global.json
	EndProjectSection
EndProject
Project("{8BB2217D-0F2D-49D1-97BC-3654ED321F3B}") = "TwentyFourHourTime", "src\TwentyFourHourTime\TwentyFourHourTime.xproj", "{CA9AEDF7-B5CD-4F87-96B1-3E28720CD66B}"
EndProject
Global
	GlobalSection(SolutionConfigurationPlatforms) = preSolution
		Debug|Any CPU = Debug|Any CPU
		Release|Any CPU = Release|Any CPU
	EndGlobalSection
	GlobalSection(ProjectConfigurationPlatforms) = postSolution
		{CA9AEDF7-B5CD-4F87-96B1-3E28720CD66B}.Debug|Any CPU.ActiveCfg = Debug|Any CPU
		{CA9AEDF7-B5CD-4F87-96B1-3E28720CD66B}.Debug|Any CPU.Build.0 = Debug|Any CPU
		{CA9AEDF7-B5CD-4F87-96B1-3E28720CD66B}.Release|Any CPU.ActiveCfg = Release|Any CPU
		{CA9AEDF7-B5CD-4F87-96B1-3E28720CD66B}.Release|Any CPU.Build.0 = Release|Any CPU
	EndGlobalSection
	GlobalSection(SolutionProperties) = preSolution
		HideSolutionNode = FALSE
	EndGlobalSection
	GlobalSection(NestedProjects) = preSolution
		{CA9AEDF7-B5CD-4F87-96B1-3E28720CD66B} = {1DAB71E6-0A24-41AD-9474-710C96BF9932}
	EndGlobalSection
EndGlobal
